
Microsoft Visual Studio Solution File, Format Version 12.00
# Visual Studio 15
VisualStudioVersion = 15.0.27703.2026
MinimumVisualStudioVersion = 10.0.40219.1
Project("{FAE04EC0-301F-11D3-BF4B-00C04F79EFBC}") = "PacManExercise", "PacManExercise\PacManExercise.csproj", "{9259E48A-8550-4C3C-8071-F5049714DF97}"
EndProject
Global
	GlobalSection(SolutionConfigurationPlatforms) = preSolution
		Debug|Any CPU = Debug|Any CPU
		Release|Any CPU = Release|Any CPU
	EndGlobalSection
	GlobalSection(ProjectConfigurationPlatforms) = postSolution
		{9259E48A-8550-4C3C-8071-F5049714DF97}.Debug|Any CPU.ActiveCfg = Debug|Any CPU
		{9259E48A-8550-4C3C-8071-F5049714DF97}.Debug|Any CPU.Build.0 = Debug|Any CPU
		{9259E48A-8550-4C3C-8071-F5049714DF97}.Release|Any CPU.ActiveCfg = Release|Any CPU
		{9259E48A-8550-4C3C-8071-F5049714DF97}.Release|Any CPU.Build.0 = Release|Any CPU
	EndGlobalSection
	GlobalSection(SolutionProperties) = preSolution
		HideSolutionNode = FALSE
	EndGlobalSection
	GlobalSection(ExtensibilityGlobals) = postSolution
		SolutionGuid = {3780EF73-D491-417E-A0DB-6771A4335274}
	EndGlobalSection
EndGlobal
